PODS:
  - Kingfisher (7.9.0)
  - SnapKit (5.6.0)

DEPENDENCIES:
  - Kingfisher
  - SnapKit

SPEC REPOS:
  trunk:
    - Kingfisher
    - SnapKit

SPEC CHECKSUMS:
  Kingfisher: 59f908b6d2f403b0a3e539debb0eec05cb27002c
  SnapKit: e01d52ebb8ddbc333eefe2132acf85c8227d9c25

PODFILE CHECKSUM: 8b0a70d600261d9ffa95d297619a99beb389fc4c

COCOAPODS: 1.12.1
